// !$*UTF8*$!
{
	archiveVersion = 1;
	classes = {
	};
	objectVersion = 55;
	objects = {

/* Begin PBXBuildFile section */
		59752D74290669EB0052632F /* labApp.swift in Sources */ = {isa = PBXBuildFile; fileRef = 59752D73290669EB0052632F /* labApp.swift */; };
		59752D76290669EB0052632F /* ContentView.swift in Sources */ = {isa = PBXBuildFile; fileRef = 59752D75290669EB0052632F /* ContentView.swift */; };
		59752D78290669ED0052632F /* Assets.xcassets in Resources */ = {isa = PBXBuildFile; fileRef = 59752D77290669ED0052632F /* Assets.xcassets */; };
		59752D7B290669ED0052632F /* Preview Assets.xcassets in Resources */ = {isa = PBXBuildFile; fileRef = 59752D7A290669ED0052632F /* Preview Assets.xcassets */; };
		59752D85290669ED0052632F /* labTests.swift in Sources */ = {isa = PBXBuildFile; fileRef = 59752D84290669ED0052632F /* labTests.swift */; };
		59752D8F290669ED0052632F /* labUITests.swift in Sources */ = {isa = PBXBuildFile; fileRef = 59752D8E290669ED0052632F /* labUITests.swift */; };
		59752D91290669ED0052632F /* labUITestsLaunchTests.swift in Sources */ = {isa = PBXBuildFile; fileRef = 59752D90290669ED0052632F /* labUITestsLaunchTests.swift */; };
/* End PBXBuildFile section */

/* Begin PBXContainerItemProxy section */
		59752D81290669ED0052632F /* PBXContainerItemProxy */ = {
			isa = PBXContainerItemProxy;
			containerPortal = 59752D68290669EA0052632F /* Project object */;
			proxyType = 1;
			remoteGlobalIDString = 59752D6F290669EA0052632F;
			remoteInfo = lab;
		};
		59752D8B290669ED0052632F /* PBXContainerItemProxy */ = {
			isa = PBXContainerItemProxy;
			containerPortal = 59752D68290669EA0052632F /* Project object */;
			proxyType = 1;
			remoteGlobalIDString = 59752D6F290669EA0052632F;
			remoteInfo = lab;
		};
/* End PBXContainerItemProxy section */

/* Begin PBXFileReference section */
		59752D70290669EB0052632F /* lab.app */ = {isa = PBXFileReference; explicitFileType = wrapper.application; includeInIndex = 0; path = lab.app; sourceTree = BUILT_PRODUCTS_DIR; };
		59752D73290669EB0052632F /* labApp.swift */ = {isa = PBXFileReference; lastKnownFileType = sourcecode.swift; path = labApp.swift; sourceTree = "<group>"; };
		59752D75290669EB0052632F /* ContentView.swift */ = {isa = PBXFileReference; lastKnownFileType = sourcecode.swift; path = ContentView.swift; sourceTree = "<group>"; };
		59752D77290669ED0052632F /* Assets.xcassets */ = {isa = PBXFileReference; lastKnownFileType = folder.assetcatalog; path = Assets.xcassets; sourceTree = "<group>"; };
		59752D7A290669ED0052632F /* Preview Assets.xcassets */ = {isa = PBXFileReference; lastKnownFileType = folder.assetcatalog; path = "Preview Assets.xcassets"; sourceTree = "<group>"; };
		59752D80290669ED0052632F /* labTests.xctest */ = {isa = PBXFileReference; explicitFileType = wrapper.cfbundle; includeInIndex = 0; path = labTests.xctest; sourceTree = BUILT_PRODUCTS_DIR; };
		59752D84290669ED0052632F /* labTests.swift */ = {isa = PBXFileReference; lastKnownFileType = sourcecode.swift; path = labTests.swift; sourceTree = "<group>"; };
		59752D8A290669ED0052632F /* labUITests.xctest */ = {isa = PBXFileReference; explicitFileType = wrapper.cfbundle; includeInIndex = 0; path = labUITests.xctest; sourceTree = BUILT_PRODUCTS_DIR; };
		59752D8E290669ED0052632F /* labUITests.swift */ = {isa = PBXFileReference; lastKnownFileType = sourcecode.swift; path = labUITests.swift; sourceTree = "<group>"; };
		59752D90290669ED0052632F /* labUITestsLaunchTests.swift */ = {isa = PBXFileReference; lastKnownFileType = sourcecode.swift; path = labUITestsLaunchTests.swift; sourceTree = "<group>"; };
/* End PBXFileReference section */

/* Begin PBXFrameworksBuildPhase section */
		59752D6D290669EA0052632F /* Frameworks */ = {
			isa = PBXFrameworksBuildPhase;
			buildActionMask = 2147483647;
			files = (
			);
			runOnlyForDeploymentPostprocessing = 0;
		};
		59752D7D290669ED0052632F /* Frameworks */ = {
			isa = PBXFrameworksBuildPhase;
			buildActionMask = 2147483647;
			files = (
			);
			runOnlyForDeploymentPostprocessing = 0;
		};
		59752D87290669ED0052632F /* Frameworks */ = {
			isa = PBXFrameworksBuildPhase;
			buildActionMask = 2147483647;
			files = (
			);
			runOnlyForDeploymentPostprocessing = 0;
		};
/* End PBXFrameworksBuildPhase section */

/* Begin PBXGroup section */
		59752D67290669EA0052632F = {
			isa = PBXGroup;
			children = (
				59752D72290669EB0052632F /* lab */,
				59752D83290669ED0052632F /* labTests */,
				59752D8D290669ED0052632F /* labUITests */,
				59752D71290669EB0052632F /* Products */,
			);
			sourceTree = "<group>";
		};
		59752D71290669EB0052632F /* Products */ = {
			isa = PBXGroup;
			children = (
				59752D70290669EB0052632F /* lab.app */,
				59752D80290669ED0052632F /* labTests.xctest */,
				59752D8A290669ED0052632F /* labUITests.xctest */,
			);
			name = Products;
			sourceTree = "<group>";
		};
		59752D72290669EB0052632F /* lab */ = {
			isa = PBXGroup;
			children = (
				59752D73290669EB0052632F /* labApp.swift */,
				59752D75290669EB0052632F /* ContentView.swift */,
				59752D77290669ED0052632F /* Assets.xcassets */,
				59752D79290669ED0052632F /* Preview Content */,
			);
			path = lab;
			sourceTree = "<group>";
		};
		59752D79290669ED0052632F /* Preview Content */ = {
			isa = PBXGroup;
			children = (
				59752D7A290669ED0052632F /* Preview Assets.xcassets */,
			);
			path = "Preview Content";
			sourceTree = "<group>";
		};
		59752D83290669ED0052632F /* labTests */ = {
			isa = PBXGroup;
			children = (
				59752D84290669ED0052632F /* labTests.swift */,
			);
			path = labTests;
			sourceTree = "<group>";
		};
		59752D8D290669ED0052632F /* labUITests */ = {
			isa = PBXGroup;
			children = (
				59752D8E290669ED0052632F /* labUITests.swift */,
				59752D90290669ED0052632F /* labUITestsLaunchTests.swift */,
			);
			path = labUITests;
			sourceTree = "<group>";
		};
/* End PBXGroup section */

/* Begin PBXNativeTarget section */
		59752D6F290669EA0052632F /* lab */ = {
			isa = PBXNativeTarget;
			buildConfigurationList = 59752D94290669ED0052632F /* Build configuration list for PBXNativeTarget "lab" */;
			buildPhases = (
				59752D6C290669EA0052632F /* Sources */,
				59752D6D290669EA0052632F /* Frameworks */,
				59752D6E290669EA0052632F /* Resources */,
			);
			buildRules = (
			);
			dependencies = (
			);
			name = lab;
			productName = lab;
			productReference = 59752D70290669EB0052632F /* lab.app */;
			productType = "com.apple.product-type.application";
		};
		59752D7F290669ED0052632F /* labTests */ = {
			isa = PBXNativeTarget;
			buildConfigurationList = 59752D97290669ED0052632F /* Build configuration list for PBXNativeTarget "labTests" */;
			buildPhases = (
				59752D7C290669ED0052632F /* Sources */,
				59752D7D290669ED0052632F /* Frameworks */,
				59752D7E290669ED0052632F /* Resources */,
			);
			buildRules = (
			);
			dependencies = (
				59752D82290669ED0052632F /* PBXTargetDependency */,
			);
			name = labTests;
			productName = labTests;
			productReference = 59752D80290669ED0052632F /* labTests.xctest */;
			productType = "com.apple.product-type.bundle.unit-test";
		};
		59752D89290669ED0052632F /* labUITests */ = {
			isa = PBXNativeTarget;
			buildConfigurationList = 59752D9A290669ED0052632F /* Build configuration list for PBXNativeTarget "labUITests" */;
			buildPhases = (
				59752D86290669ED0052632F /* Sources */,
				59752D87290669ED0052632F /* Frameworks */,
				59752D88290669ED0052632F /* Resources */,
			);
			buildRules = (
			);
			dependencies = (
				59752D8C290669ED0052632F /* PBXTargetDependency */,
			);
			name = labUITests;
			productName = labUITests;
			productReference = 59752D8A290669ED0052632F /* labUITests.xctest */;
			productType = "com.apple.product-type.bundle.ui-testing";
		};
/* End PBXNativeTarget section */

/* Begin PBXProject section */
		59752D68290669EA0052632F /* Project object */ = {
			isa = PBXProject;
			attributes = {
				BuildIndependentTargetsInParallel = 1;
				LastSwiftUpdateCheck = 1340;
				LastUpgradeCheck = 1340;
				TargetAttributes = {
					59752D6F290669EA0052632F = {
						CreatedOnToolsVersion = 13.4.1;
					};
					59752D7F290669ED0052632F = {
						CreatedOnToolsVersion = 13.4.1;
						TestTargetID = 59752D6F290669EA0052632F;
					};
					59752D89290669ED0052632F = {
						CreatedOnToolsVersion = 13.4.1;
						TestTargetID = 59752D6F290669EA0052632F;
					};
				};
			};
			buildConfigurationList = 59752D6B290669EA0052632F /* Build configuration list for PBXProject "lab" */;
			compatibilityVersion = "Xcode 13.0";
			developmentRegion = en;
			hasScannedForEncodings = 0;
			knownRegions = (
				en,
				Base,
			);
			mainGroup = 59752D67290669EA0052632F;
			productRefGroup = 59752D71290669EB0052632F /* Products */;
			projectDirPath = "";
			projectRoot = "";
			targets = (
				59752D6F290669EA0052632F /* lab */,
				59752D7F290669ED0052632F /* labTests */,
				59752D89290669ED0052632F /* labUITests */,
			);
		};
/* End PBXProject section */

/* Begin PBXResourcesBuildPhase section */
		59752D6E290669EA0052632F /* Resources */ = {
			isa = PBXResourcesBuildPhase;
			buildActionMask = 2147483647;
			files = (
				59752D7B290669ED0052632F /* Preview Assets.xcassets in Resources */,
				59752D78290669ED0052632F /* Assets.xcassets in Resources */,
			);
			runOnlyForDeploymentPostprocessing = 0;
		};
		59752D7E290669ED0052632F /* Resources */ = {
			isa = PBXResourcesBuildPhase;
			buildActionMask = 2147483647;
			files = (
			);
			runOnlyForDeploymentPostprocessing = 0;
		};
		59752D88290669ED0052632F /* Resources */ = {
			isa = PBXResourcesBuildPhase;
			buildActionMask = 2147483647;
			files = (
			);
			runOnlyForDeploymentPostprocessing = 0;
		};
/* End PBXResourcesBuildPhase section */

/* Begin PBXSourcesBuildPhase section */
		59752D6C290669EA0052632F /* Sources */ = {
			isa = PBXSourcesBuildPhase;
			buildActionMask = 2147483647;
			files = (
				59752D76290669EB0052632F /* ContentView.swift in Sources */,
				59752D74290669EB0052632F /* labApp.swift in Sources */,
			);
			runOnlyForDeploymentPostprocessing = 0;
		};
		59752D7C290669ED0052632F /* Sources */ = {
			isa = PBXSourcesBuildPhase;
			buildActionMask = 2147483647;
			files = (
				59752D85290669ED0052632F /* labTests.swift in Sources */,
			);
			runOnlyForDeploymentPostprocessing = 0;
		};
		59752D86290669ED0052632F /* Sources */ = {
			isa = PBXSourcesBuildPhase;
			buildActionMask = 2147483647;
			files = (
				59752D91290669ED0052632F /* labUITestsLaunchTests.swift in Sources */,
				59752D8F290669ED0052632F /* labUITests.swift in Sources */,
			);
			runOnlyForDeploymentPostprocessing = 0;
		};
/* End PBXSourcesBuildPhase section */

/* Begin PBXTargetDependency section */
		59752D82290669ED0052632F /* PBXTargetDependency */ = {
			isa = PBXTargetDependency;
			target = 59752D6F290669EA0052632F /* lab */;
			targetProxy = 59752D81290669ED0052632F /* PBXContainerItemProxy */;
		};
		59752D8C290669ED0052632F /* PBXTargetDependency */ = {
			isa = PBXTargetDependency;
			target = 59752D6F290669EA0052632F /* lab */;
			targetProxy = 59752D8B290669ED0052632F /* PBXContainerItemProxy */;
		};
/* End PBXTargetDependency section */

/* Begin XCBuildConfiguration section */
		59752D92290669ED0052632F /* Debug */ = {
			isa = XCBuildConfiguration;
			buildSettings = {
				ALWAYS_SEARCH_USER_PATHS = NO;
				CLANG_ANALYZER_NONNULL = YES;
				CLANG_ANALYZER_NUMBER_OBJECT_CONVERSION = YES_AGGRESSIVE;
				CLANG_CXX_LANGUAGE_STANDARD = "gnu++17";
				CLANG_ENABLE_MODULES = YES;
				CLANG_ENABLE_OBJC_ARC = YES;
				CLANG_ENABLE_OBJC_WEAK = YES;
				CLANG_WARN_BLOCK_CAPTURE_AUTORELEASING = YES;
				CLANG_WARN_BOOL_CONVERSION = YES;
				CLANG_WARN_COMMA = YES;
				CLANG_WARN_CONSTANT_CONVERSION = YES;
				CLANG_WARN_DEPRECATED_OBJC_IMPLEMENTATIONS = YES;
				CLANG_WARN_DIRECT_OBJC_ISA_USAGE = YES_ERROR;
				CLANG_WARN_DOCUMENTATION_COMMENTS = YES;
				CLANG_WARN_EMPTY_BODY = YES;
				CLANG_WARN_ENUM_CONVERSION = YES;
				CLANG_WARN_INFINITE_RECURSION = YES;
				CLANG_WARN_INT_CONVERSION = YES;
				CLANG_WARN_NON_LITERAL_NULL_CONVERSION = YES;
				CLANG_WARN_OBJC_IMPLICIT_RETAIN_SELF = YES;
				CLANG_WARN_OBJC_LITERAL_CONVERSION = YES;
				CLANG_WARN_OBJC_ROOT_CLASS = YES_ERROR;
				CLANG_WARN_QUOTED_INCLUDE_IN_FRAMEWORK_HEADER = YES;
				CLANG_WARN_RANGE_LOOP_ANALYSIS = YES;
				CLANG_WARN_STRICT_PROTOTYPES = YES;
				CLANG_WARN_SUSPICIOUS_MOVE = YES;
				CLANG_WARN_UNGUARDED_AVAILABILITY = YES_AGGRESSIVE;
				CLANG_WARN_UNREACHABLE_CODE = YES;
				CLANG_WARN__DUPLICATE_METHOD_MATCH = YES;
				COPY_PHASE_STRIP = NO;
				DEBUG_INFORMATION_FORMAT = dwarf;
				ENABLE_STRICT_OBJC_MSGSEND = YES;
				ENABLE_TESTABILITY = YES;
				GCC_C_LANGUAGE_STANDARD = gnu11;
				GCC_DYNAMIC_NO_PIC = NO;
				GCC_NO_COMMON_BLOCKS = YES;
				GCC_OPTIMIZATION_LEVEL = 0;
				GCC_PREPROCESSOR_DEFINITIONS = (
					"DEBUG=1",
					"$(inherited)",
				);
				GCC_WARN_64_TO_32_BIT_CONVERSION = YES;
				GCC_WARN_ABOUT_RETURN_TYPE = YES_ERROR;
				GCC_WARN_UNDECLARED_SELECTOR = YES;
				GCC_WARN_UNINITIALIZED_AUTOS = YES_AGGRESSIVE;
				GCC_WARN_UNUSED_FUNCTION = YES;
				GCC_WARN_UNUSED_VARIABLE = YES;
				IPHONEOS_DEPLOYMENT_TARGET = 15.5;
				MTL_ENABLE_DEBUG_INFO = INCLUDE_SOURCE;
				MTL_FAST_MATH = YES;
				ONLY_ACTIVE_ARCH = YES;
				SDKROOT = iphoneos;
				SWIFT_ACTIVE_COMPILATION_CONDITIONS = DEBUG;
				SWIFT_OPTIMIZATION_LEVEL = "-Onone";
			};
			name = Debug;
		};
		59752D93290669ED0052632F /* Release */ = {
			isa = XCBuildConfiguration;
			buildSettings = {
				ALWAYS_SEARCH_USER_PATHS = NO;
				CLANG_ANALYZER_NONNULL = YES;
				CLANG_ANALYZER_NUMBER_OBJECT_CONVERSION = YES_AGGRESSIVE;
				CLANG_CXX_LANGUAGE_STANDARD = "gnu++17";
				CLANG_ENABLE_MODULES = YES;
				CLANG_ENABLE_OBJC_ARC = YES;
				CLANG_ENABLE_OBJC_WEAK = YES;
				CLANG_WARN_BLOCK_CAPTURE_AUTORELEASING = YES;
				CLANG_WARN_BOOL_CONVERSION = YES;
				CLANG_WARN_COMMA = YES;
				CLANG_WARN_CONSTANT_CONVERSION = YES;
				CLANG_WARN_DEPRECATED_OBJC_IMPLEMENTATIONS = YES;
				CLANG_WARN_DIRECT_OBJC_ISA_USAGE = YES_ERROR;
				CLANG_WARN_DOCUMENTATION_COMMENTS = YES;
				CLANG_WARN_EMPTY_BODY = YES;
				CLANG_WARN_ENUM_CONVERSION = YES;
				CLANG_WARN_INFINITE_RECURSION = YES;
				CLANG_WARN_INT_CONVERSION = YES;
				CLANG_WARN_NON_LITERAL_NULL_CONVERSION = YES;
				CLANG_WARN_OBJC_IMPLICIT_RETAIN_SELF = YES;
				CLANG_WARN_OBJC_LITERAL_CONVERSION = YES;
				CLANG_WARN_OBJC_ROOT_CLASS = YES_ERROR;
				CLANG_WARN_QUOTED_INCLUDE_IN_FRAMEWORK_HEADER = YES;
				CLANG_WARN_RANGE_LOOP_ANALYSIS = YES;
				CLANG_WARN_STRICT_PROTOTYPES = YES;
				CLANG_WARN_SUSPICIOUS_MOVE = YES;
				CLANG_WARN_UNGUARDED_AVAILABILITY = YES_AGGRESSIVE;
				CLANG_WARN_UNREACHABLE_CODE = YES;
				CLANG_WARN__DUPLICATE_METHOD_MATCH = YES;
				COPY_PHASE_STRIP = NO;
				DEBUG_INFORMATION_FORMAT = "dwarf-with-dsym";
				ENABLE_NS_ASSERTIONS = NO;
				ENABLE_STRICT_OBJC_MSGSEND = YES;
				GCC_C_LANGUAGE_STANDARD = gnu11;
				GCC_NO_COMMON_BLOCKS = YES;
				GCC_WARN_64_TO_32_BIT_CONVERSION = YES;
				GCC_WARN_ABOUT_RETURN_TYPE = YES_ERROR;
				GCC_WARN_UNDECLARED_SELECTOR = YES;
				GCC_WARN_UNINITIALIZED_AUTOS = YES_AGGRESSIVE;
				GCC_WARN_UNUSED_FUNCTION = YES;
				GCC_WARN_UNUSED_VARIABLE = YES;
				IPHONEOS_DEPLOYMENT_TARGET = 15.5;
				MTL_ENABLE_DEBUG_INFO = NO;
				MTL_FAST_MATH = YES;
				SDKROOT = iphoneos;
				SWIFT_COMPILATION_MODE = wholemodule;
				SWIFT_OPTIMIZATION_LEVEL = "-O";
				VALIDATE_PRODUCT = YES;
			};
			name = Release;
		};
		59752D95290669ED0052632F /* Debug */ = {
			isa = XCBuildConfiguration;
			buildSettings = {
				ASSETCATALOG_COMPILER_APPICON_NAME = AppIcon;
				ASSETCATALOG_COMPILER_GLOBAL_ACCENT_COLOR_NAME = AccentColor;
				CODE_SIGN_STYLE = Automatic;
				CURRENT_PROJECT_VERSION = 1;
				DEVELOPMENT_ASSET_PATHS = "\"lab/Preview Content\"";
				ENABLE_PREVIEWS = YES;
				GENERATE_INFOPLIST_FILE = YES;
				INFOPLIST_KEY_UIApplicationSceneManifest_Generation = YES;
				INFOPLIST_KEY_UIApplicationSupportsIndirectInputEvents = YES;
				INFOPLIST_KEY_UILaunchScreen_Generation = YES;
				INFOPLIST_KEY_UISupportedInterfaceOrientations_iPad = "UIInterfaceOrientationPortrait UIInterfaceOrientationPortraitUpsideDown UIInterfaceOrientationLandscapeLeft UIInterfaceOrientationLandscapeRight";
				INFOPLIST_KEY_UISupportedInterfaceOrientations_iPhone = "UIInterfaceOrientationPortrait UIInterfaceOrientationLandscapeLeft UIInterfaceOrientationLandscapeRight";
				LD_RUNPATH_SEARCH_PATHS = (
					"$(inherited)",
					"@executable_path/Frameworks",
				);
				MARKETING_VERSION = 1.0;
				PRODUCT_BUNDLE_IDENTIFIER = com.example.lab;
				PRODUCT_NAME = "$(TARGET_NAME)";
				SWIFT_EMIT_LOC_STRINGS = YES;
				SWIFT_VERSION = 5.0;
				TARGETED_DEVICE_FAMILY = "1,2";
			};
			name = Debug;
		};
		59752D96290669ED0052632F /* Release */ = {
			isa = XCBuildConfiguration;
			buildSettings = {
				ASSETCATALOG_COMPILER_APPICON_NAME = AppIcon;
				ASSETCATALOG_COMPILER_GLOBAL_ACCENT_COLOR_NAME = AccentColor;
				CODE_SIGN_STYLE = Automatic;
				CURRENT_PROJECT_VERSION = 1;
				DEVELOPMENT_ASSET_PATHS = "\"lab/Preview Content\"";
				ENABLE_PREVIEWS = YES;
				GENERATE_INFOPLIST_FILE = YES;
				INFOPLIST_KEY_UIApplicationSceneManifest_Generation = YES;
				INFOPLIST_KEY_UIApplicationSupportsIndirectInputEvents = YES;
				INFOPLIST_KEY_UILaunchScreen_Generation = YES;
				INFOPLIST_KEY_UISupportedInterfaceOrientations_iPad = "UIInterfaceOrientationPortrait UIInterfaceOrientationPortraitUpsideDown UIInterfaceOrientationLandscapeLeft UIInterfaceOrientationLandscapeRight";
				INFOPLIST_KEY_UISupportedInterfaceOrientations_iPhone = "UIInterfaceOrientationPortrait UIInterfaceOrientationLandscapeLeft UIInterfaceOrientationLandscapeRight";
				LD_RUNPATH_SEARCH_PATHS = (
					"$(inherited)",
					"@executable_path/Frameworks",
				);
				MARKETING_VERSION = 1.0;
				PRODUCT_BUNDLE_IDENTIFIER = com.example.lab;
				PRODUCT_NAME = "$(TARGET_NAME)";
				SWIFT_EMIT_LOC_STRINGS = YES;
				SWIFT_VERSION = 5.0;
				TARGETED_DEVICE_FAMILY = "1,2";
			};
			name = Release;
		};
		59752D98290669ED0052632F /* Debug */ = {
			isa = XCBuildConfiguration;
			buildSettings = {
				ALWAYS_EMBED_SWIFT_STANDARD_LIBRARIES = YES;
				BUNDLE_LOADER = "$(TEST_HOST)";
				CODE_SIGN_STYLE = Automatic;
				CURRENT_PROJECT_VERSION = 1;
				GENERATE_INFOPLIST_FILE = YES;
				IPHONEOS_DEPLOYMENT_TARGET = 15.5;
				MARKETING_VERSION = 1.0;
				PRODUCT_BUNDLE_IDENTIFIER = com.example.labTests;
				PRODUCT_NAME = "$(TARGET_NAME)";
				SWIFT_EMIT_LOC_STRINGS = NO;
				SWIFT_VERSION = 5.0;
				TARGETED_DEVICE_FAMILY = "1,2";
				TEST_HOST = "$(BUILT_PRODUCTS_DIR)/lab.app/lab";
			};
			name = Debug;
		};
		59752D99290669ED0052632F /* Release */ = {
			isa = XCBuildConfiguration;
			buildSettings = {
				ALWAYS_EMBED_SWIFT_STANDARD_LIBRARIES = YES;
				BUNDLE_LOADER = "$(TEST_HOST)";
				CODE_SIGN_STYLE = Automatic;
				CURRENT_PROJECT_VERSION = 1;
				GENERATE_INFOPLIST_FILE = YES;
				IPHONEOS_DEPLOYMENT_TARGET = 15.5;
				MARKETING_VERSION = 1.0;
				PRODUCT_BUNDLE_IDENTIFIER = com.example.labTests;
				PRODUCT_NAME = "$(TARGET_NAME)";
				SWIFT_EMIT_LOC_STRINGS = NO;
				SWIFT_VERSION = 5.0;
				TARGETED_DEVICE_FAMILY = "1,2";
				TEST_HOST = "$(BUILT_PRODUCTS_DIR)/lab.app/lab";
			};
			name = Release;
		};
		59752D9B290669ED0052632F /* Debug */ = {
			isa = XCBuildConfiguration;
			buildSettings = {
				ALWAYS_EMBED_SWIFT_STANDARD_LIBRARIES = YES;
				CODE_SIGN_STYLE = Automatic;
				CURRENT_PROJECT_VERSION = 1;
				GENERATE_INFOPLIST_FILE = YES;
				MARKETING_VERSION = 1.0;
				PRODUCT_BUNDLE_IDENTIFIER = com.example.labUITests;
				PRODUCT_NAME = "$(TARGET_NAME)";
				SWIFT_EMIT_LOC_STRINGS = NO;
				SWIFT_VERSION = 5.0;
				TARGETED_DEVICE_FAMILY = "1,2";
				TEST_TARGET_NAME = lab;
			};
			name = Debug;
		};
		59752D9C290669ED0052632F /* Release */ = {
			isa = XCBuildConfiguration;
			buildSettings = {
				ALWAYS_EMBED_SWIFT_STANDARD_LIBRARIES = YES;
				CODE_SIGN_STYLE = Automatic;
				CURRENT_PROJECT_VERSION = 1;
				GENERATE_INFOPLIST_FILE = YES;
				MARKETING_VERSION = 1.0;
				PRODUCT_BUNDLE_IDENTIFIER = com.example.labUITests;
				PRODUCT_NAME = "$(TARGET_NAME)";
				SWIFT_EMIT_LOC_STRINGS = NO;
				SWIFT_VERSION = 5.0;
				TARGETED_DEVICE_FAMILY = "1,2";
				TEST_TARGET_NAME = lab;
			};
			name = Release;
		};
/* End XCBuildConfiguration section */

/* Begin XCConfigurationList section */
		59752D6B290669EA0052632F /* Build configuration list for PBXProject "lab" */ = {
			isa = XCConfigurationList;
			buildConfigurations = (
				59752D92290669ED0052632F /* Debug */,
				59752D93290669ED0052632F /* Release */,
			);
			defaultConfigurationIsVisible = 0;
			defaultConfigurationName = Release;
		};
		59752D94290669ED0052632F /* Build configuration list for PBXNativeTarget "lab" */ = {
			isa = XCConfigurationList;
			buildConfigurations = (
				59752D95290669ED0052632F /* Debug */,
				59752D96290669ED0052632F /* Release */,
			);
			defaultConfigurationIsVisible = 0;
			defaultConfigurationName = Release;
		};
		59752D97290669ED0052632F /* Build configuration list for PBXNativeTarget "labTests" */ = {
			isa = XCConfigurationList;
			buildConfigurations = (
				59752D98290669ED0052632F /* Debug */,
				59752D99290669ED0052632F /* Release */,
			);
			defaultConfigurationIsVisible = 0;
			defaultConfigurationName = Release;
		};
		59752D9A290669ED0052632F /* Build configuration list for PBXNativeTarget "labUITests" */ = {
			isa = XCConfigurationList;
			buildConfigurations = (
				59752D9B290669ED0052632F /* Debug */,
				59752D9C290669ED0052632F /* Release */,
			);
			defaultConfigurationIsVisible = 0;
			defaultConfigurationName = Release;
		};
/* End XCConfigurationList section */
	};
	rootObject = 59752D68290669EA0052632F /* Project object */;
}
